
Microsoft Visual Studio Solution File, Format Version 12.00
# Visual Studio 15
VisualStudioVersion = 15.0.28307.645
MinimumVisualStudioVersion = 10.0.40219.1
Project("{FAE04EC0-301F-11D3-BF4B-00C04F79EFBC}") = "Cryptocurrency", "Cryptocurrency\Cryptocurrency.csproj", "{FE61042E-2C68-447D-B720-441072C6DD0A}"
EndProject
Project("{FAE04EC0-301F-11D3-BF4B-00C04F79EFBC}") = "DataContent", "DataContent\DataContent.csproj", "{EDD0F8B0-D638-4B81-99A5-7BE242855D8F}"
EndProject
Global
	GlobalSection(SolutionConfigurationPlatforms) = preSolution
		Debug|Any CPU = Debug|Any CPU
		Release|Any CPU = Release|Any CPU
	EndGlobalSection
	GlobalSection(ProjectConfigurationPlatforms) = postSolution
		{FE61042E-2C68-447D-B720-441072C6DD0A}.Debug|Any CPU.ActiveCfg = Debug|Any CPU
		{FE61042E-2C68-447D-B720-441072C6DD0A}.Debug|Any CPU.Build.0 = Debug|Any CPU
		{FE61042E-2C68-447D-B720-441072C6DD0A}.Release|Any CPU.ActiveCfg = Release|Any CPU
		{FE61042E-2C68-447D-B720-441072C6DD0A}.Release|Any CPU.Build.0 = Release|Any CPU
		{EDD0F8B0-D638-4B81-99A5-7BE242855D8F}.Debug|Any CPU.ActiveCfg = Debug|Any CPU
		{EDD0F8B0-D638-4B81-99A5-7BE242855D8F}.Debug|Any CPU.Build.0 = Debug|Any CPU
		{EDD0F8B0-D638-4B81-99A5-7BE242855D8F}.Release|Any CPU.ActiveCfg = Release|Any CPU
		{EDD0F8B0-D638-4B81-99A5-7BE242855D8F}.Release|Any CPU.Build.0 = Release|Any CPU
	EndGlobalSection
	GlobalSection(SolutionProperties) = preSolution
		HideSolutionNode = FALSE
	EndGlobalSection
	GlobalSection(ExtensibilityGlobals) = postSolution
		SolutionGuid = {7A04AAD4-4588-459B-8289-0EF90514F9B2}
	EndGlobalSection
EndGlobal
